// !$*UTF8*$!
{
	archiveVersion = 1;
	classes = {
	};
	objectVersion = 46;
	objects = {

/* Begin PBXBuildFile section */
		7816EBEA1FA0DD0100E1FC8D /* DetailVC.swift in Sources */ = {isa = PBXBuildFile; fileRef = 7816EBE91FA0DD0000E1FC8D /* DetailVC.swift */; };
		78AC73401F9F5FB500163EAD /* AppDelegate.swift in Sources */ = {isa = PBXBuildFile; fileRef = 78AC733F1F9F5FB500163EAD /* AppDelegate.swift */; };
		78AC73451F9F5FB600163EAD /* Main.storyboard in Resources */ = {isa = PBXBuildFile; fileRef = 78AC73431F9F5FB600163EAD /* Main.storyboard */; };
		78AC73471F9F5FB600163EAD /* Assets.xcassets in Resources */ = {isa = PBXBuildFile; fileRef = 78AC73461F9F5FB600163EAD /* Assets.xcassets */; };
		78AC734A1F9F5FB600163EAD /* LaunchScreen.storyboard in Resources */ = {isa = PBXBuildFile; fileRef = 78AC73481F9F5FB600163EAD /* LaunchScreen.storyboard */; };
		78AC73551F9F69FC00163EAD /* PlaceCell.swift in Sources */ = {isa = PBXBuildFile; fileRef = 78AC73541F9F69FC00163EAD /* PlaceCell.swift */; };
		78AC73591F9F6E1D00163EAD /* PlaceTableVC.swift in Sources */ = {isa = PBXBuildFile; fileRef = 78AC73581F9F6E1D00163EAD /* PlaceTableVC.swift */; };
		78AC735B1F9F755D00163EAD /* Place.swift in Sources */ = {isa = PBXBuildFile; fileRef = 78AC735A1F9F755D00163EAD /* Place.swift */; };
		78AC735D1F9FC4E000163EAD /* Constants.swift in Sources */ = {isa = PBXBuildFile; fileRef = 78AC735C1F9FC4E000163EAD /* Constants.swift */; };
		E9F0975DE53D878C138497C5 /* Pods_FourSquareTask.framework in Frameworks */ = {isa = PBXBuildFile; fileRef = 8D4D52455DAC0CC3A34E8B48 /* Pods_FourSquareTask.framework */; };
/* End PBXBuildFile section */

/* Begin PBXFileReference section */
		3617DC45B0A0117E778F8167 /* Pods-FourSquareTask.debug.xcconfig */ = {isa = PBXFileReference; includeInIndex = 1; lastKnownFileType = text.xcconfig; name = "Pods-FourSquareTask.debug.xcconfig"; path = "Pods/Target Support Files/Pods-FourSquareTask/Pods-FourSquareTask.debug.xcconfig"; sourceTree = "<group>"; };
		7816EBE91FA0DD0000E1FC8D /* DetailVC.swift */ = {isa = PBXFileReference; fileEncoding = 4; lastKnownFileType = sourcecode.swift; path = DetailVC.swift; sourceTree = "<group>"; };
		78AC733C1F9F5FB500163EAD /* FourSquareTask.app */ = {isa = PBXFileReference; explicitFileType = wrapper.application; includeInIndex = 0; path = FourSquareTask.app; sourceTree = BUILT_PRODUCTS_DIR; };
		78AC733F1F9F5FB500163EAD /* AppDelegate.swift */ = {isa = PBXFileReference; lastKnownFileType = sourcecode.swift; path = AppDelegate.swift; sourceTree = "<group>"; };
		78AC73441F9F5FB600163EAD /* Base */ = {isa = PBXFileReference; lastKnownFileType = file.storyboard; name = Base; path = Base.lproj/Main.storyboard; sourceTree = "<group>"; };
		78AC73461F9F5FB600163EAD /* Assets.xcassets */ = {isa = PBXFileReference; lastKnownFileType = folder.assetcatalog; path = Assets.xcassets; sourceTree = "<group>"; };
		78AC73491F9F5FB600163EAD /* Base */ = {isa = PBXFileReference; lastKnownFileType = file.storyboard; name = Base; path = Base.lproj/LaunchScreen.storyboard; sourceTree = "<group>"; };
		78AC734B1F9F5FB600163EAD /* Info.plist */ = {isa = PBXFileReference; lastKnownFileType = text.plist.xml; path = Info.plist; sourceTree = "<group>"; };
		78AC73541F9F69FC00163EAD /* PlaceCell.swift */ = {isa = PBXFileReference; fileEncoding = 4; lastKnownFileType = sourcecode.swift; path = PlaceCell.swift; sourceTree = "<group>"; };
		78AC73581F9F6E1D00163EAD /* PlaceTableVC.swift */ = {isa = PBXFileReference; fileEncoding = 4; lastKnownFileType = sourcecode.swift; path = PlaceTableVC.swift; sourceTree = "<group>"; };
		78AC735A1F9F755D00163EAD /* Place.swift */ = {isa = PBXFileReference; fileEncoding = 4; lastKnownFileType = sourcecode.swift; path = Place.swift; sourceTree = "<group>"; };
		78AC735C1F9FC4E000163EAD /* Constants.swift */ = {isa = PBXFileReference; fileEncoding = 4; lastKnownFileType = sourcecode.swift; path = Constants.swift; sourceTree = "<group>"; };
		7D4FD6763586DF0D94F44F98 /* Pods-FourSquareTask.release.xcconfig */ = {isa = PBXFileReference; includeInIndex = 1; lastKnownFileType = text.xcconfig; name = "Pods-FourSquareTask.release.xcconfig"; path = "Pods/Target Support Files/Pods-FourSquareTask/Pods-FourSquareTask.release.xcconfig"; sourceTree = "<group>"; };
		8D4D52455DAC0CC3A34E8B48 /* Pods_FourSquareTask.framework */ = {isa = PBXFileReference; explicitFileType = wrapper.framework; includeInIndex = 0; path = Pods_FourSquareTask.framework; sourceTree = BUILT_PRODUCTS_DIR; };
/* End PBXFileReference section */

/* Begin PBXFrameworksBuildPhase section */
		78AC73391F9F5FB500163EAD /* Frameworks */ = {
			isa = PBXFrameworksBuildPhase;
			buildActionMask = 2147483647;
			files = (
				E9F0975DE53D878C138497C5 /* Pods_FourSquareTask.framework in Frameworks */,
			);
			runOnlyForDeploymentPostprocessing = 0;
		};
/* End PBXFrameworksBuildPhase section */

/* Begin PBXGroup section */
		0E8FDF4AFADEE23B434D2B4B /* Frameworks */ = {
			isa = PBXGroup;
			children = (
				8D4D52455DAC0CC3A34E8B48 /* Pods_FourSquareTask.framework */,
			);
			name = Frameworks;
			sourceTree = "<group>";
		};
		41A5DA8C1AE7CE8A6D6DDAD0 /* Pods */ = {
			isa = PBXGroup;
			children = (
				3617DC45B0A0117E778F8167 /* Pods-FourSquareTask.debug.xcconfig */,
				7D4FD6763586DF0D94F44F98 /* Pods-FourSquareTask.release.xcconfig */,
			);
			name = Pods;
			sourceTree = "<group>";
		};
		78AC73331F9F5FB500163EAD = {
			isa = PBXGroup;
			children = (
				78AC733E1F9F5FB500163EAD /* FourSquareTask */,
				78AC733D1F9F5FB500163EAD /* Products */,
				41A5DA8C1AE7CE8A6D6DDAD0 /* Pods */,
				0E8FDF4AFADEE23B434D2B4B /* Frameworks */,
			);
			sourceTree = "<group>";
		};
		78AC733D1F9F5FB500163EAD /* Products */ = {
			isa = PBXGroup;
			children = (
				78AC733C1F9F5FB500163EAD /* FourSquareTask.app */,
			);
			name = Products;
			sourceTree = "<group>";
		};
		78AC733E1F9F5FB500163EAD /* FourSquareTask */ = {
			isa = PBXGroup;
			children = (
				78AC73531F9F699000163EAD /* Controller */,
				78AC73521F9F698800163EAD /* Model */,
				78AC73511F9F694800163EAD /* View */,
				78AC733F1F9F5FB500163EAD /* AppDelegate.swift */,
				78AC73431F9F5FB600163EAD /* Main.storyboard */,
				78AC73461F9F5FB600163EAD /* Assets.xcassets */,
				78AC73481F9F5FB600163EAD /* LaunchScreen.storyboard */,
				78AC734B1F9F5FB600163EAD /* Info.plist */,
			);
			path = FourSquareTask;
			sourceTree = "<group>";
		};
		78AC73511F9F694800163EAD /* View */ = {
			isa = PBXGroup;
			children = (
				78AC73541F9F69FC00163EAD /* PlaceCell.swift */,
			);
			name = View;
			sourceTree = "<group>";
		};
		78AC73521F9F698800163EAD /* Model */ = {
			isa = PBXGroup;
			children = (
				78AC735A1F9F755D00163EAD /* Place.swift */,
				78AC735C1F9FC4E000163EAD /* Constants.swift */,
			);
			name = Model;
			sourceTree = "<group>";
		};
		78AC73531F9F699000163EAD /* Controller */ = {
			isa = PBXGroup;
			children = (
				78AC73581F9F6E1D00163EAD /* PlaceTableVC.swift */,
				7816EBE91FA0DD0000E1FC8D /* DetailVC.swift */,
			);
			name = Controller;
			sourceTree = "<group>";
		};
/* End PBXGroup section */

/* Begin PBXNativeTarget section */
		78AC733B1F9F5FB500163EAD /* FourSquareTask */ = {
			isa = PBXNativeTarget;
			buildConfigurationList = 78AC734E1F9F5FB600163EAD /* Build configuration list for PBXNativeTarget "FourSquareTask" */;
			buildPhases = (
				F8DEE62878BAAC5C2A9F9E36 /* [CP] Check Pods Manifest.lock */,
				78AC73381F9F5FB500163EAD /* Sources */,
				78AC73391F9F5FB500163EAD /* Frameworks */,
				78AC733A1F9F5FB500163EAD /* Resources */,
				4AE46DA501AF421D6E6F7EE1 /* [CP] Embed Pods Frameworks */,
				1F1F8558EBAB0732EB87EC23 /* [CP] Copy Pods Resources */,
			);
			buildRules = (
			);
			dependencies = (
			);
			name = FourSquareTask;
			productName = FourSquareTask;
			productReference = 78AC733C1F9F5FB500163EAD /* FourSquareTask.app */;
			productType = "com.apple.product-type.application";
		};
/* End PBXNativeTarget section */

/* Begin PBXProject section */
		78AC73341F9F5FB500163EAD /* Project object */ = {
			isa = PBXProject;
			attributes = {
				LastSwiftUpdateCheck = 0830;
				LastUpgradeCheck = 0830;
				ORGANIZATIONNAME = RANDOM;
				TargetAttributes = {
					78AC733B1F9F5FB500163EAD = {
						CreatedOnToolsVersion = 8.3.3;
						ProvisioningStyle = Automatic;
					};
				};
			};
			buildConfigurationList = 78AC73371F9F5FB500163EAD /* Build configuration list for PBXProject "FourSquareTask" */;
			compatibilityVersion = "Xcode 3.2";
			developmentRegion = English;
			hasScannedForEncodings = 0;
			knownRegions = (
				en,
				Base,
			);
			mainGroup = 78AC73331F9F5FB500163EAD;
			productRefGroup = 78AC733D1F9F5FB500163EAD /* Products */;
			projectDirPath = "";
			projectRoot = "";
			targets = (
				78AC733B1F9F5FB500163EAD /* FourSquareTask */,
			);
		};
/* End PBXProject section */

/* Begin PBXResourcesBuildPhase section */
		78AC733A1F9F5FB500163EAD /* Resources */ = {
			isa = PBXResourcesBuildPhase;
			buildActionMask = 2147483647;
			files = (
				78AC734A1F9F5FB600163EAD /* LaunchScreen.storyboard in Resources */,
				78AC73471F9F5FB600163EAD /* Assets.xcassets in Resources */,
				78AC73451F9F5FB600163EAD /* Main.storyboard in Resources */,
			);
			runOnlyForDeploymentPostprocessing = 0;
		};
/* End PBXResourcesBuildPhase section */

/* Begin PBXShellScriptBuildPhase section */
		1F1F8558EBAB0732EB87EC23 /* [CP] Copy Pods Resources */ = {
			isa = PBXShellScriptBuildPhase;
			buildActionMask = 2147483647;
			files = (
			);
			inputPaths = (
			);
			name = "[CP] Copy Pods Resources";
			outputPaths = (
			);
			runOnlyForDeploymentPostprocessing = 0;
			shellPath = /bin/sh;
			shellScript = "\"${SRCROOT}/Pods/Target Support Files/Pods-FourSquareTask/Pods-FourSquareTask-resources.sh\"\n";
			showEnvVarsInLog = 0;
		};
		4AE46DA501AF421D6E6F7EE1 /* [CP] Embed Pods Frameworks */ = {
			isa = PBXShellScriptBuildPhase;
			buildActionMask = 2147483647;
			files = (
			);
			inputPaths = (
				"${SRCROOT}/Pods/Target Support Files/Pods-FourSquareTask/Pods-FourSquareTask-frameworks.sh",
				"${BUILT_PRODUCTS_DIR}/Alamofire/Alamofire.framework",
				"${BUILT_PRODUCTS_DIR}/FoursquareAPIClient/FoursquareAPIClient.framework",
			);
			name = "[CP] Embed Pods Frameworks";
			outputPaths = (
				"${TARGET_BUILD_DIR}/${FRAMEWORKS_FOLDER_PATH}/Alamofire.framework",
				"${TARGET_BUILD_DIR}/${FRAMEWORKS_FOLDER_PATH}/FoursquareAPIClient.framework",
			);
			runOnlyForDeploymentPostprocessing = 0;
			shellPath = /bin/sh;
			shellScript = "\"${SRCROOT}/Pods/Target Support Files/Pods-FourSquareTask/Pods-FourSquareTask-frameworks.sh\"\n";
			showEnvVarsInLog = 0;
		};
		F8DEE62878BAAC5C2A9F9E36 /* [CP] Check Pods Manifest.lock */ = {
			isa = PBXShellScriptBuildPhase;
			buildActionMask = 2147483647;
			files = (
			);
			inputPaths = (
				"${PODS_PODFILE_DIR_PATH}/Podfile.lock",
				"${PODS_ROOT}/Manifest.lock",
			);
			name = "[CP] Check Pods Manifest.lock";
			outputPaths = (
				"$(DERIVED_FILE_DIR)/Pods-FourSquareTask-checkManifestLockResult.txt",
			);
			runOnlyForDeploymentPostprocessing = 0;
			shellPath = /bin/sh;
			shellScript = "diff \"${PODS_PODFILE_DIR_PATH}/Podfile.lock\" \"${PODS_ROOT}/Manifest.lock\" > /dev/null\nif [ $? != 0 ] ; then\n    # print error to STDERR\n    echo \"error: The sandbox is not in sync with the Podfile.lock. Run 'pod install' or update your CocoaPods installation.\" >&2\n    exit 1\nfi\n# This output is used by Xcode 'outputs' to avoid re-running this script phase.\necho \"SUCCESS\" > \"${SCRIPT_OUTPUT_FILE_0}\"\n";
			showEnvVarsInLog = 0;
		};
/* End PBXShellScriptBuildPhase section */

/* Begin PBXSourcesBuildPhase section */
		78AC73381F9F5FB500163EAD /* Sources */ = {
			isa = PBXSourcesBuildPhase;
			buildActionMask = 2147483647;
			files = (
				78AC735D1F9FC4E000163EAD /* Constants.swift in Sources */,
				78AC73401F9F5FB500163EAD /* AppDelegate.swift in Sources */,
				78AC73551F9F69FC00163EAD /* PlaceCell.swift in Sources */,
				78AC73591F9F6E1D00163EAD /* PlaceTableVC.swift in Sources */,
				78AC735B1F9F755D00163EAD /* Place.swift in Sources */,
				7816EBEA1FA0DD0100E1FC8D /* DetailVC.swift in Sources */,
			);
			runOnlyForDeploymentPostprocessing = 0;
		};
/* End PBXSourcesBuildPhase section */

/* Begin PBXVariantGroup section */
		78AC73431F9F5FB600163EAD /* Main.storyboard */ = {
			isa = PBXVariantGroup;
			children = (
				78AC73441F9F5FB600163EAD /* Base */,
			);
			name = Main.storyboard;
			sourceTree = "<group>";
		};
		78AC73481F9F5FB600163EAD /* LaunchScreen.storyboard */ = {
			isa = PBXVariantGroup;
			children = (
				78AC73491F9F5FB600163EAD /* Base */,
			);
			name = LaunchScreen.storyboard;
			sourceTree = "<group>";
		};
/* End PBXVariantGroup section */

/* Begin XCBuildConfiguration section */
		78AC734C1F9F5FB600163EAD /* Debug */ = {
			isa = XCBuildConfiguration;
			buildSettings = {
				ALWAYS_SEARCH_USER_PATHS = NO;
				CLANG_ANALYZER_NONNULL = YES;
				CLANG_ANALYZER_NUMBER_OBJECT_CONVERSION = YES_AGGRESSIVE;
				CLANG_CXX_LANGUAGE_STANDARD = "gnu++0x";
				CLANG_CXX_LIBRARY = "libc++";
				CLANG_ENABLE_MODULES = YES;
				CLANG_ENABLE_OBJC_ARC = YES;
				CLANG_WARN_BOOL_CONVERSION = YES;
				CLANG_WARN_CONSTANT_CONVERSION = YES;
				CLANG_WARN_DIRECT_OBJC_ISA_USAGE = YES_ERROR;
				CLANG_WARN_DOCUMENTATION_COMMENTS = YES;
				CLANG_WARN_EMPTY_BODY = YES;
				CLANG_WARN_ENUM_CONVERSION = YES;
				CLANG_WARN_INFINITE_RECURSION = YES;
				CLANG_WARN_INT_CONVERSION = YES;
				CLANG_WARN_OBJC_ROOT_CLASS = YES_ERROR;
				CLANG_WARN_SUSPICIOUS_MOVE = YES;
				CLANG_WARN_UNREACHABLE_CODE = YES;
				CLANG_WARN__DUPLICATE_METHOD_MATCH = YES;
				"CODE_SIGN_IDENTITY[sdk=iphoneos*]" = "iPhone Developer";
				COPY_PHASE_STRIP = NO;
				DEBUG_INFORMATION_FORMAT = dwarf;
				ENABLE_STRICT_OBJC_MSGSEND = YES;
				ENABLE_TESTABILITY = YES;
				GCC_C_LANGUAGE_STANDARD = gnu99;
				GCC_DYNAMIC_NO_PIC = NO;
				GCC_NO_COMMON_BLOCKS = YES;
				GCC_OPTIMIZATION_LEVEL = 0;
				GCC_PREPROCESSOR_DEFINITIONS = (
					"DEBUG=1",
					"$(inherited)",
				);
				GCC_WARN_64_TO_32_BIT_CONVERSION = YES;
				GCC_WARN_ABOUT_RETURN_TYPE = YES_ERROR;
				GCC_WARN_UNDECLARED_SELECTOR = YES;
				GCC_WARN_UNINITIALIZED_AUTOS = YES_AGGRESSIVE;
				GCC_WARN_UNUSED_FUNCTION = YES;
				GCC_WARN_UNUSED_VARIABLE = YES;
				IPHONEOS_DEPLOYMENT_TARGET = 10.3;
				MTL_ENABLE_DEBUG_INFO = YES;
				ONLY_ACTIVE_ARCH = YES;
				SDKROOT = iphoneos;
				SWIFT_ACTIVE_COMPILATION_CONDITIONS = DEBUG;
				SWIFT_OPTIMIZATION_LEVEL = "-Onone";
				TARGETED_DEVICE_FAMILY = "1,2";
			};
			name = Debug;
		};
		78AC734D1F9F5FB600163EAD /* Release */ = {
			isa = XCBuildConfiguration;
			buildSettings = {
				ALWAYS_SEARCH_USER_PATHS = NO;
				CLANG_ANALYZER_NONNULL = YES;
				CLANG_ANALYZER_NUMBER_OBJECT_CONVERSION = YES_AGGRESSIVE;
				CLANG_CXX_LANGUAGE_STANDARD = "gnu++0x";
				CLANG_CXX_LIBRARY = "libc++";
				CLANG_ENABLE_MODULES = YES;
				CLANG_ENABLE_OBJC_ARC = YES;
				CLANG_WARN_BOOL_CONVERSION = YES;
				CLANG_WARN_CONSTANT_CONVERSION = YES;
				CLANG_WARN_DIRECT_OBJC_ISA_USAGE = YES_ERROR;
				CLANG_WARN_DOCUMENTATION_COMMENTS = YES;
				CLANG_WARN_EMPTY_BODY = YES;
				CLANG_WARN_ENUM_CONVERSION = YES;
				CLANG_WARN_INFINITE_RECURSION = YES;
				CLANG_WARN_INT_CONVERSION = YES;
				CLANG_WARN_OBJC_ROOT_CLASS = YES_ERROR;
				CLANG_WARN_SUSPICIOUS_MOVE = YES;
				CLANG_WARN_UNREACHABLE_CODE = YES;
				CLANG_WARN__DUPLICATE_METHOD_MATCH = YES;
				"CODE_SIGN_IDENTITY[sdk=iphoneos*]" = "iPhone Developer";
				COPY_PHASE_STRIP = NO;
				DEBUG_INFORMATION_FORMAT = "dwarf-with-dsym";
				ENABLE_NS_ASSERTIONS = NO;
				ENABLE_STRICT_OBJC_MSGSEND = YES;
				GCC_C_LANGUAGE_STANDARD = gnu99;
				GCC_NO_COMMON_BLOCKS = YES;
				GCC_WARN_64_TO_32_BIT_CONVERSION = YES;
				GCC_WARN_ABOUT_RETURN_TYPE = YES_ERROR;
				GCC_WARN_UNDECLARED_SELECTOR = YES;
				GCC_WARN_UNINITIALIZED_AUTOS = YES_AGGRESSIVE;
				GCC_WARN_UNUSED_FUNCTION = YES;
				GCC_WARN_UNUSED_VARIABLE = YES;
				IPHONEOS_DEPLOYMENT_TARGET = 10.3;
				MTL_ENABLE_DEBUG_INFO = NO;
				SDKROOT = iphoneos;
				SWIFT_OPTIMIZATION_LEVEL = "-Owholemodule";
				TARGETED_DEVICE_FAMILY = "1,2";
				VALIDATE_PRODUCT = YES;
			};
			name = Release;
		};
		78AC734F1F9F5FB600163EAD /* Debug */ = {
			isa = XCBuildConfiguration;
			baseConfigurationReference = 3617DC45B0A0117E778F8167 /* Pods-FourSquareTask.debug.xcconfig */;
			buildSettings = {
				ASSETCATALOG_COMPILER_APPICON_NAME = AppIcon;
				INFOPLIST_FILE = FourSquareTask/Info.plist;
				LD_RUNPATH_SEARCH_PATHS = "$(inherited) @executable_path/Frameworks";
				PRODUCT_BUNDLE_IDENTIFIER = com.apple.FourSquareTask;
				PRODUCT_NAME = "$(TARGET_NAME)";
				SWIFT_VERSION = 3.0;
			};
			name = Debug;
		};
		78AC73501F9F5FB600163EAD /* Release */ = {
			isa = XCBuildConfiguration;
			baseConfigurationReference = 7D4FD6763586DF0D94F44F98 /* Pods-FourSquareTask.release.xcconfig */;
			buildSettings = {
				ASSETCATALOG_COMPILER_APPICON_NAME = AppIcon;
				INFOPLIST_FILE = FourSquareTask/Info.plist;
				LD_RUNPATH_SEARCH_PATHS = "$(inherited) @executable_path/Frameworks";
				PRODUCT_BUNDLE_IDENTIFIER = com.apple.FourSquareTask;
				PRODUCT_NAME = "$(TARGET_NAME)";
				SWIFT_VERSION = 3.0;
			};
			name = Release;
		};
/* End XCBuildConfiguration section */

/* Begin XCConfigurationList section */
		78AC73371F9F5FB500163EAD /* Build configuration list for PBXProject "FourSquareTask" */ = {
			isa = XCConfigurationList;
			buildConfigurations = (
				78AC734C1F9F5FB600163EAD /* Debug */,
				78AC734D1F9F5FB600163EAD /* Release */,
			);
			defaultConfigurationIsVisible = 0;
			defaultConfigurationName = Release;
		};
		78AC734E1F9F5FB600163EAD /* Build configuration list for PBXNativeTarget "FourSquareTask" */ = {
			isa = XCConfigurationList;
			buildConfigurations = (
				78AC734F1F9F5FB600163EAD /* Debug */,
				78AC73501F9F5FB600163EAD /* Release */,
			);
			defaultConfigurationIsVisible = 0;
			defaultConfigurationName = Release;
		};
/* End XCConfigurationList section */
	};
	rootObject = 78AC73341F9F5FB500163EAD /* Project object */;
}
