// !$*UTF8*$!
{
	archiveVersion = 1;
	classes = {
	};
	objectVersion = 46;
	objects = {

/* Begin PBXBuildFile section */
		78AC73401F9F5FB500163EAD /* AppDelegate.swift in Sources */ = {isa = PBXBuildFile; fileRef = 78AC733F1F9F5FB500163EAD /* AppDelegate.swift */; };
		78AC73421F9F5FB500163EAD /* ViewController.swift in Sources */ = {isa = PBXBuildFile; fileRef = 78AC73411F9F5FB500163EAD /* ViewController.swift */; };
		78AC73451F9F5FB600163EAD /* Main.storyboard in Resources */ = {isa = PBXBuildFile; fileRef = 78AC73431F9F5FB600163EAD /* Main.storyboard */; };
		78AC73471F9F5FB600163EAD /* Assets.xcassets in Resources */ = {isa = PBXBuildFile; fileRef = 78AC73461F9F5FB600163EAD /* Assets.xcassets */; };
		78AC734A1F9F5FB600163EAD /* LaunchScreen.storyboard in Resources */ = {isa = PBXBuildFile; fileRef = 78AC73481F9F5FB600163EAD /* LaunchScreen.storyboard */; };
/* End PBXBuildFile section */

/* Begin PBXFileReference section */
		78AC733C1F9F5FB500163EAD /* FourSquareTask.app */ = {isa = PBXFileReference; explicitFileType = wrapper.application; includeInIndex = 0; path = FourSquareTask.app; sourceTree = BUILT_PRODUCTS_DIR; };
		78AC733F1F9F5FB500163EAD /* AppDelegate.swift */ = {isa = PBXFileReference; lastKnownFileType = sourcecode.swift; path = AppDelegate.swift; sourceTree = "<group>"; };
		78AC73411F9F5FB500163EAD /* ViewController.swift */ = {isa = PBXFileReference; lastKnownFileType = sourcecode.swift; path = ViewController.swift; sourceTree = "<group>"; };
		78AC73441F9F5FB600163EAD /* Base */ = {isa = PBXFileReference; lastKnownFileType = file.storyboard; name = Base; path = Base.lproj/Main.storyboard; sourceTree = "<group>"; };
		78AC73461F9F5FB600163EAD /* Assets.xcassets */ = {isa = PBXFileReference; lastKnownFileType = folder.assetcatalog; path = Assets.xcassets; sourceTree = "<group>"; };
		78AC73491F9F5FB600163EAD /* Base */ = {isa = PBXFileReference; lastKnownFileType = file.storyboard; name = Base; path = Base.lproj/LaunchScreen.storyboard; sourceTree = "<group>"; };
		78AC734B1F9F5FB600163EAD /* Info.plist */ = {isa = PBXFileReference; lastKnownFileType = text.plist.xml; path = Info.plist; sourceTree = "<group>"; };
/* End PBXFileReference section */

/* Begin PBXFrameworksBuildPhase section */
		78AC73391F9F5FB500163EAD /* Frameworks */ = {
			isa = PBXFrameworksBuildPhase;
			buildActionMask = 2147483647;
			files = (
			);
			runOnlyForDeploymentPostprocessing = 0;
		};
/* End PBXFrameworksBuildPhase section */

/* Begin PBXGroup section */
		78AC73331F9F5FB500163EAD = {
			isa = PBXGroup;
			children = (
				78AC733E1F9F5FB500163EAD /* FourSquareTask */,
				78AC733D1F9F5FB500163EAD /* Products */,
			);
			sourceTree = "<group>";
		};
		78AC733D1F9F5FB500163EAD /* Products */ = {
			isa = PBXGroup;
			children = (
				78AC733C1F9F5FB500163EAD /* FourSquareTask.app */,
			);
			name = Products;
			sourceTree = "<group>";
		};
		78AC733E1F9F5FB500163EAD /* FourSquareTask */ = {
			isa = PBXGroup;
			children = (
				78AC733F1F9F5FB500163EAD /* AppDelegate.swift */,
				78AC73411F9F5FB500163EAD /* ViewController.swift */,
				78AC73431F9F5FB600163EAD /* Main.storyboard */,
				78AC73461F9F5FB600163EAD /* Assets.xcassets */,
				78AC73481F9F5FB600163EAD /* LaunchScreen.storyboard */,
				78AC734B1F9F5FB600163EAD /* Info.plist */,
			);
			path = FourSquareTask;
			sourceTree = "<group>";
		};
/* End PBXGroup section */

/* Begin PBXNativeTarget section */
		78AC733B1F9F5FB500163EAD /* FourSquareTask */ = {
			isa = PBXNativeTarget;
			buildConfigurationList = 78AC734E1F9F5FB600163EAD /* Build configuration list for PBXNativeTarget "FourSquareTask" */;
			buildPhases = (
				78AC73381F9F5FB500163EAD /* Sources */,
				78AC73391F9F5FB500163EAD /* Frameworks */,
				78AC733A1F9F5FB500163EAD /* Resources */,
			);
			buildRules = (
			);
			dependencies = (
			);
			name = FourSquareTask;
			productName = FourSquareTask;
			productReference = 78AC733C1F9F5FB500163EAD /* FourSquareTask.app */;
			productType = "com.apple.product-type.application";
		};
/* End PBXNativeTarget section */

/* Begin PBXProject section */
		78AC73341F9F5FB500163EAD /* Project object */ = {
			isa = PBXProject;
			attributes = {
				LastSwiftUpdateCheck = 0830;
				LastUpgradeCheck = 0830;
				ORGANIZATIONNAME = RANDOM;
				TargetAttributes = {
					78AC733B1F9F5FB500163EAD = {
						CreatedOnToolsVersion = 8.3.3;
						ProvisioningStyle = Automatic;
					};
				};
			};
			buildConfigurationList = 78AC73371F9F5FB500163EAD /* Build configuration list for PBXProject "FourSquareTask" */;
			compatibilityVersion = "Xcode 3.2";
			developmentRegion = English;
			hasScannedForEncodings = 0;
			knownRegions = (
				en,
				Base,
			);
			mainGroup = 78AC73331F9F5FB500163EAD;
			productRefGroup = 78AC733D1F9F5FB500163EAD /* Products */;
			projectDirPath = "";
			projectRoot = "";
			targets = (
				78AC733B1F9F5FB500163EAD /* FourSquareTask */,
			);
		};
/* End PBXProject section */

/* Begin PBXResourcesBuildPhase section */
		78AC733A1F9F5FB500163EAD /* Resources */ = {
			isa = PBXResourcesBuildPhase;
			buildActionMask = 2147483647;
			files = (
				78AC734A1F9F5FB600163EAD /* LaunchScreen.storyboard in Resources */,
				78AC73471F9F5FB600163EAD /* Assets.xcassets in Resources */,
				78AC73451F9F5FB600163EAD /* Main.storyboard in Resources */,
			);
			runOnlyForDeploymentPostprocessing = 0;
		};
/* End PBXResourcesBuildPhase section */

/* Begin PBXSourcesBuildPhase section */
		78AC73381F9F5FB500163EAD /* Sources */ = {
			isa = PBXSourcesBuildPhase;
			buildActionMask = 2147483647;
			files = (
				78AC73421F9F5FB500163EAD /* ViewController.swift in Sources */,
				78AC73401F9F5FB500163EAD /* AppDelegate.swift in Sources */,
			);
			runOnlyForDeploymentPostprocessing = 0;
		};
/* End PBXSourcesBuildPhase section */

/* Begin PBXVariantGroup section */
		78AC73431F9F5FB600163EAD /* Main.storyboard */ = {
			isa = PBXVariantGroup;
			children = (
				78AC73441F9F5FB600163EAD /* Base */,
			);
			name = Main.storyboard;
			sourceTree = "<group>";
		};
		78AC73481F9F5FB600163EAD /* LaunchScreen.storyboard */ = {
			isa = PBXVariantGroup;
			children = (
				78AC73491F9F5FB600163EAD /* Base */,
			);
			name = LaunchScreen.storyboard;
			sourceTree = "<group>";
		};
/* End PBXVariantGroup section */

/* Begin XCBuildConfiguration section */
		78AC734C1F9F5FB600163EAD /* Debug */ = {
			isa = XCBuildConfiguration;
			buildSettings = {
				ALWAYS_SEARCH_USER_PATHS = NO;
				CLANG_ANALYZER_NONNULL = YES;
				CLANG_ANALYZER_NUMBER_OBJECT_CONVERSION = YES_AGGRESSIVE;
				CLANG_CXX_LANGUAGE_STANDARD = "gnu++0x";
				CLANG_CXX_LIBRARY = "libc++";
				CLANG_ENABLE_MODULES = YES;
				CLANG_ENABLE_OBJC_ARC = YES;
				CLANG_WARN_BOOL_CONVERSION = YES;
				CLANG_WARN_CONSTANT_CONVERSION = YES;
				CLANG_WARN_DIRECT_OBJC_ISA_USAGE = YES_ERROR;
				CLANG_WARN_DOCUMENTATION_COMMENTS = YES;
				CLANG_WARN_EMPTY_BODY = YES;
				CLANG_WARN_ENUM_CONVERSION = YES;
				CLANG_WARN_INFINITE_RECURSION = YES;
				CLANG_WARN_INT_CONVERSION = YES;
				CLANG_WARN_OBJC_ROOT_CLASS = YES_ERROR;
				CLANG_WARN_SUSPICIOUS_MOVE = YES;
				CLANG_WARN_UNREACHABLE_CODE = YES;
				CLANG_WARN__DUPLICATE_METHOD_MATCH = YES;
				"CODE_SIGN_IDENTITY[sdk=iphoneos*]" = "iPhone Developer";
				COPY_PHASE_STRIP = NO;
				DEBUG_INFORMATION_FORMAT = dwarf;
				ENABLE_STRICT_OBJC_MSGSEND = YES;
				ENABLE_TESTABILITY = YES;
				GCC_C_LANGUAGE_STANDARD = gnu99;
				GCC_DYNAMIC_NO_PIC = NO;
				GCC_NO_COMMON_BLOCKS = YES;
				GCC_OPTIMIZATION_LEVEL = 0;
				GCC_PREPROCESSOR_DEFINITIONS = (
					"DEBUG=1",
					"$(inherited)",
				);
				GCC_WARN_64_TO_32_BIT_CONVERSION = YES;
				GCC_WARN_ABOUT_RETURN_TYPE = YES_ERROR;
				GCC_WARN_UNDECLARED_SELECTOR = YES;
				GCC_WARN_UNINITIALIZED_AUTOS = YES_AGGRESSIVE;
				GCC_WARN_UNUSED_FUNCTION = YES;
				GCC_WARN_UNUSED_VARIABLE = YES;
				IPHONEOS_DEPLOYMENT_TARGET = 10.3;
				MTL_ENABLE_DEBUG_INFO = YES;
				ONLY_ACTIVE_ARCH = YES;
				SDKROOT = iphoneos;
				SWIFT_ACTIVE_COMPILATION_CONDITIONS = DEBUG;
				SWIFT_OPTIMIZATION_LEVEL = "-Onone";
				TARGETED_DEVICE_FAMILY = "1,2";
			};
			name = Debug;
		};
		78AC734D1F9F5FB600163EAD /* Release */ = {
			isa = XCBuildConfiguration;
			buildSettings = {
				ALWAYS_SEARCH_USER_PATHS = NO;
				CLANG_ANALYZER_NONNULL = YES;
				CLANG_ANALYZER_NUMBER_OBJECT_CONVERSION = YES_AGGRESSIVE;
				CLANG_CXX_LANGUAGE_STANDARD = "gnu++0x";
				CLANG_CXX_LIBRARY = "libc++";
				CLANG_ENABLE_MODULES = YES;
				CLANG_ENABLE_OBJC_ARC = YES;
				CLANG_WARN_BOOL_CONVERSION = YES;
				CLANG_WARN_CONSTANT_CONVERSION = YES;
				CLANG_WARN_DIRECT_OBJC_ISA_USAGE = YES_ERROR;
				CLANG_WARN_DOCUMENTATION_COMMENTS = YES;
				CLANG_WARN_EMPTY_BODY = YES;
				CLANG_WARN_ENUM_CONVERSION = YES;
				CLANG_WARN_INFINITE_RECURSION = YES;
				CLANG_WARN_INT_CONVERSION = YES;
				CLANG_WARN_OBJC_ROOT_CLASS = YES_ERROR;
				CLANG_WARN_SUSPICIOUS_MOVE = YES;
				CLANG_WARN_UNREACHABLE_CODE = YES;
				CLANG_WARN__DUPLICATE_METHOD_MATCH = YES;
				"CODE_SIGN_IDENTITY[sdk=iphoneos*]" = "iPhone Developer";
				COPY_PHASE_STRIP = NO;
				DEBUG_INFORMATION_FORMAT = "dwarf-with-dsym";
				ENABLE_NS_ASSERTIONS = NO;
				ENABLE_STRICT_OBJC_MSGSEND = YES;
				GCC_C_LANGUAGE_STANDARD = gnu99;
				GCC_NO_COMMON_BLOCKS = YES;
				GCC_WARN_64_TO_32_BIT_CONVERSION = YES;
				GCC_WARN_ABOUT_RETURN_TYPE = YES_ERROR;
				GCC_WARN_UNDECLARED_SELECTOR = YES;
				GCC_WARN_UNINITIALIZED_AUTOS = YES_AGGRESSIVE;
				GCC_WARN_UNUSED_FUNCTION = YES;
				GCC_WARN_UNUSED_VARIABLE = YES;
				IPHONEOS_DEPLOYMENT_TARGET = 10.3;
				MTL_ENABLE_DEBUG_INFO = NO;
				SDKROOT = iphoneos;
				SWIFT_OPTIMIZATION_LEVEL = "-Owholemodule";
				TARGETED_DEVICE_FAMILY = "1,2";
				VALIDATE_PRODUCT = YES;
			};
			name = Release;
		};
		78AC734F1F9F5FB600163EAD /* Debug */ = {
			isa = XCBuildConfiguration;
			buildSettings = {
				ASSETCATALOG_COMPILER_APPICON_NAME = AppIcon;
				INFOPLIST_FILE = FourSquareTask/Info.plist;
				LD_RUNPATH_SEARCH_PATHS = "$(inherited) @executable_path/Frameworks";
				PRODUCT_BUNDLE_IDENTIFIER = com.apple.FourSquareTask;
				PRODUCT_NAME = "$(TARGET_NAME)";
				SWIFT_VERSION = 3.0;
			};
			name = Debug;
		};
		78AC73501F9F5FB600163EAD /* Release */ = {
			isa = XCBuildConfiguration;
			buildSettings = {
				ASSETCATALOG_COMPILER_APPICON_NAME = AppIcon;
				INFOPLIST_FILE = FourSquareTask/Info.plist;
				LD_RUNPATH_SEARCH_PATHS = "$(inherited) @executable_path/Frameworks";
				PRODUCT_BUNDLE_IDENTIFIER = com.apple.FourSquareTask;
				PRODUCT_NAME = "$(TARGET_NAME)";
				SWIFT_VERSION = 3.0;
			};
			name = Release;
		};
/* End XCBuildConfiguration section */

/* Begin XCConfigurationList section */
		78AC73371F9F5FB500163EAD /* Build configuration list for PBXProject "FourSquareTask" */ = {
			isa = XCConfigurationList;
			buildConfigurations = (
				78AC734C1F9F5FB600163EAD /* Debug */,
				78AC734D1F9F5FB600163EAD /* Release */,
			);
			defaultConfigurationIsVisible = 0;
			defaultConfigurationName = Release;
		};
		78AC734E1F9F5FB600163EAD /* Build configuration list for PBXNativeTarget "FourSquareTask" */ = {
			isa = XCConfigurationList;
			buildConfigurations = (
				78AC734F1F9F5FB600163EAD /* Debug */,
				78AC73501F9F5FB600163EAD /* Release */,
			);
			defaultConfigurationIsVisible = 0;
		};
/* End XCConfigurationList section */
	};
	rootObject = 78AC73341F9F5FB500163EAD /* Project object */;
}
